
Microsoft Visual Studio Solution File, Format Version 12.00
Project("{FAE04EC0-301F-11D3-BF4B-00C04F79EFBC}") = "ImgTagFanOut", "ImgTagFanOut\ImgTagFanOut.csproj", "{40D5BCC5-650E-4859-882C-20F8F24D891A}"
EndProject
Global
	GlobalSection(SolutionConfigurationPlatforms) = preSolution
		Debug|Any CPU = Debug|Any CPU
		Release|Any CPU = Release|Any CPU
	EndGlobalSection
	GlobalSection(ProjectConfigurationPlatforms) = postSolution
		{40D5BCC5-650E-4859-882C-20F8F24D891A}.Debug|Any CPU.ActiveCfg = Debug|Any CPU
		{40D5BCC5-650E-4859-882C-20F8F24D891A}.Debug|Any CPU.Build.0 = Debug|Any CPU
		{40D5BCC5-650E-4859-882C-20F8F24D891A}.Release|Any CPU.ActiveCfg = Release|Any CPU
		{40D5BCC5-650E-4859-882C-20F8F24D891A}.Release|Any CPU.Build.0 = Release|Any CPU
	EndGlobalSection
EndGlobal
