{
  "version": 1,
  "dependencies": {
    "net10.0": {
      "coverlet.collector": {
        "type": "Direct",
        "requested": "[6.0.2, )",
        "resolved": "6.0.2",
        "contentHash": "bJShQ6uWRTQ100ZeyiMqcFlhP7WJ+bCuabUs885dJiBEzMsJMSFr7BOyeCw4rgvQokteGi5rKQTlkhfQPUXg2A=="
      },
      "Microsoft.EntityFrameworkCore.Sqlite": {
        "type": "Direct",
        "requested": "[9.0.14, )",
        "resolved": "9.0.14",
        "contentHash": "eI3HYgsuiAB3/Q2pI1fX3zgjoDmPgrtAZs/gH8ZU5CPI5iSkTXqKFtlCMAkmG75y/TrIdG58mNWAkV5fYAfy1w==",
        "dependencies": {
          "Microsoft.EntityFrameworkCore.Sqlite.Core": "9.0.14",
          "Microsoft.Extensions.Caching.Memory": "9.0.14",
          "Microsoft.Extensions.Configuration.Abstractions": "9.0.14",
          "Microsoft.Extensions.DependencyModel": "9.0.14",
          "Microsoft.Extensions.Logging": "9.0.14",
          "SQLitePCLRaw.bundle_e_sqlite3": "2.1.10",
          "SQLitePCLRaw.core": "2.1.10"
        }
      },
      "Microsoft.NET.Test.Sdk": {
        "type": "Direct",
        "requested": "[17.12.0, )",
        "resolved": "17.12.0",
        "contentHash": "kt/PKBZ91rFCWxVIJZSgVLk+YR+4KxTuHf799ho8WNiK5ZQpJNAEZCAWX86vcKrs+DiYjiibpYKdGZP6+/N17w==",
        "dependencies": {
          "Microsoft.CodeCoverage": "17.12.0",
          "Microsoft.TestPlatform.TestHost": "17.12.0"
        }
      },
      "xunit": {
        "type": "Direct",
        "requested": "[2.9.2, )",
        "resolved": "2.9.2",
        "contentHash": "7LhFS2N9Z6Xgg8aE5lY95cneYivRMfRI8v+4PATa4S64D5Z/Plkg0qa8dTRHSiGRgVZ/CL2gEfJDE5AUhOX+2Q==",
        "dependencies": {
          "xunit.analyzers": "1.16.0",
          "xunit.assert": "2.9.2",
          "xunit.core": "[2.9.2]"
        }
      },
      "xunit.runner.visualstudio": {
        "type": "Direct",
        "requested": "[2.8.2, )",
        "resolved": "2.8.2",
        "contentHash": "vm1tbfXhFmjFMUmS4M0J0ASXz3/U5XvXBa6DOQUL3fEz4Vt6YPhv+ESCarx6M6D+9kJkJYZKCNvJMas1+nVfmQ=="
      },
      "Avalonia": {
        "type": "Transitive",
        "resolved": "11.3.12",
        "contentHash": "CHB0gXMSba8gTXqTrO9lS1te9ejH52ngHPm+0i/RfXFzqHXHPQ3yciFc/GfGnXUBjqjwH85J1rhYNl4/EujP0w==",
        "dependencies": {
          "Avalonia.BuildServices": "11.3.2",
          "Avalonia.Remote.Protocol": "11.3.12",
          "MicroCom.Runtime": "0.11.0"
        }
      },
      "Avalonia.Angle.Windows.Natives": {
        "type": "Transitive",
        "resolved": "2.1.25547.20250602",
        "contentHash": "ZL0VLc4s9rvNNFt19Pxm5UNAkmKNylugAwJPX9ulXZ6JWs/l6XZihPWWTyezaoNOVyEPU8YbURtW7XMAtqXH5A=="
      },
      "Avalonia.BuildServices": {
        "type": "Transitive",
        "resolved": "11.3.2",
        "contentHash": "qHDToxto1e3hci5YqbG9n0Ty8mlp3zBUN5wT66wKqaDVzXyQ0do3EnRILd4Ke9jpvsktaPpgE0YjEk7hornryQ=="
      },
      "Avalonia.Desktop": {
        "type": "Transitive",
        "resolved": "11.3.12",
        "contentHash": "zwtEFNvXB60z7rHD92oISkCQq0PcFyttfAW+cgcfALECegtNkd9P9/UXIuE0GvMVBVUPTRUQeSB6/jhwZKqqRQ==",
        "dependencies": {
          "Avalonia": "11.3.12",
          "Avalonia.Native": "11.3.12",
          "Avalonia.Skia": "11.3.12",
          "Avalonia.Win32": "11.3.12",
          "Avalonia.X11": "11.3.12"
        }
      },
      "Avalonia.Fonts.Inter": {
        "type": "Transitive",
        "resolved": "11.3.12",
        "contentHash": "Q28QGYnGbvrlTwg6md5U0sR8PuP7H77cysnJDR6a/hnCBH71/GPKxi4GGOKh2qFyo15XmvAwNZ+3QetfnOKSXw==",
        "dependencies": {
          "Avalonia": "11.3.12"
        }
      },
      "Avalonia.FreeDesktop": {
        "type": "Transitive",
        "resolved": "11.3.12",
        "contentHash": "R1UdslorpUSmAt1SKNmmypkUPj993WpE4iUm5KvPd0mL0NQbIFra2DYYGb8GCtLOsupnA4pyNOU2FXumB2EGKA==",
        "dependencies": {
          "Avalonia": "11.3.12",
          "Tmds.DBus.Protocol": "0.21.2"
        }
      },
      "Avalonia.Native": {
        "type": "Transitive",
        "resolved": "11.3.12",
        "contentHash": "28q2DUSGUBVRpEQWYBo0crokZabPyI7KmA68++nm/qAe/9Zxmxythk/F36swAkI4pIU2ouLIKK0yxiFBy+xvNw==",
        "dependencies": {
          "Avalonia": "11.3.12"
        }
      },
      "Avalonia.ReactiveUI": {
        "type": "Transitive",
        "resolved": "11.3.8",
        "contentHash": "nD7U8UhJcng9OEunDt5bFRDvo+UHxtVi/a+BNLH2dxQuNJnqtXpLp/2rEzrzJDtV8X2FU7fHTwTrDhNOyYjWxw==",
        "dependencies": {
          "Avalonia": "11.3.8",
          "ReactiveUI": "20.1.1",
          "System.Reactive": "6.0.1"
        }
      },
      "Avalonia.Remote.Protocol": {
        "type": "Transitive",
        "resolved": "11.3.12",
        "contentHash": "zaWTPaBKxGfHxqQfPh1WP+vWy3iVAwYWW/7FGlz63/wT1b+3b7Wn37H6c9C2E/M3cgllrW5/cirye516QUDZiA=="
      },
      "Avalonia.Skia": {
        "type": "Transitive",
        "resolved": "11.3.12",
        "contentHash": "rlVMl2obc5hy4CHfLwA4+Lyu7KU+l5iSmj8leugoWofjgGDyUPa281VCo5FSH4+SkU1+EIXVJZubx2o02gp9nw==",
        "dependencies": {
          "Avalonia": "11.3.12",
          "HarfBuzzSharp": "8.3.1.1",
          "HarfBuzzSharp.NativeAssets.Linux": "8.3.1.1",
          "HarfBuzzSharp.NativeAssets.WebAssembly": "8.3.1.1",
          "SkiaSharp": "2.88.9",
          "SkiaSharp.NativeAssets.Linux": "2.88.9",
          "SkiaSharp.NativeAssets.WebAssembly": "2.88.9"
        }
      },
      "Avalonia.Themes.Fluent": {
        "type": "Transitive",
        "resolved": "11.3.12",
        "contentHash": "umclBVVjbKdbh6i+dAtbDlVIPS8A83S222fxgC1w0zqWvJrk9NwfFsnIQVBHxN/1hLPVMcUfp5Gxu2FOPWjDaQ==",
        "dependencies": {
          "Avalonia": "11.3.12"
        }
      },
      "Avalonia.Win32": {
        "type": "Transitive",
        "resolved": "11.3.12",
        "contentHash": "3Z8gSpWMU0NWR0fI/m8d9b6d9fms1MJ6eZJ7IU4CdU/zCrPiFTjtPfc2VRaRD/0H4tsR3VgP+iTMGZn5nBWljg==",
        "dependencies": {
          "Avalonia": "11.3.12",
          "Avalonia.Angle.Windows.Natives": "2.1.25547.20250602"
        }
      },
      "Avalonia.X11": {
        "type": "Transitive",
        "resolved": "11.3.12",
        "contentHash": "HR0zf0si52uu/hxPTIOI7gW68kPwz8D/fPYgioxISXAR+Yf6BH/TY/F/zrlu3LbptqU3ySoUmqkA9QJpXz04BQ==",
        "dependencies": {
          "Avalonia": "11.3.12",
          "Avalonia.FreeDesktop": "11.3.12",
          "Avalonia.Skia": "11.3.12"
        }
      },
      "Avalonia.Xaml.Behaviors": {
        "type": "Transitive",
        "resolved": "11.3.0.6",
        "contentHash": "u4AzRslJlzGnNpIf81kvi/2txUUiqwZMf6rUfKa9lxb8c/RiwNbCQUj64QUpTw5cC0o+elD4bVN5aUYnZW0/9g==",
        "dependencies": {
          "Avalonia": "11.3.0",
          "Avalonia.Xaml.Interactions": "11.3.0.6",
          "Avalonia.Xaml.Interactions.Custom": "11.3.0.6",
          "Avalonia.Xaml.Interactions.DragAndDrop": "11.3.0.6",
          "Avalonia.Xaml.Interactions.Draggable": "11.3.0.6",
          "Avalonia.Xaml.Interactions.Events": "11.3.0.6",
          "Avalonia.Xaml.Interactions.Responsive": "11.3.0.6",
          "Avalonia.Xaml.Interactivity": "11.3.0.6"
        }
      },
      "Avalonia.Xaml.Interactions": {
        "type": "Transitive",
        "resolved": "11.3.0.6",
        "contentHash": "87YePbXtmACZb/OrH9OpHlXdKQ0VYRZC1UzoUo4vsqp0593bOtmhp3GnVsyJXYJuaNG6+qDY6EWssYVV2Wqegg==",
        "dependencies": {
          "Avalonia": "11.3.0",
          "Avalonia.Xaml.Interactivity": "11.3.0.6"
        }
      },
      "Avalonia.Xaml.Interactions.Custom": {
        "type": "Transitive",
        "resolved": "11.3.0.6",
        "contentHash": "Y+HcF4TQMgA84MVAOw20LA8IV7ysBaMf0pCeUUpopjWDuc9BQYrg8HPgQYKLJ4Nxu2rx+jhGmqNn7wHwqTPWjg==",
        "dependencies": {
          "Avalonia": "11.3.0",
          "Avalonia.Xaml.Interactivity": "11.3.0.6"
        }
      },
      "Avalonia.Xaml.Interactions.DragAndDrop": {
        "type": "Transitive",
        "resolved": "11.3.0.6",
        "contentHash": "GtLgxWYyW9Tyhct8O4WxKV3ELLAb8VI1kZCUm92dbw64XTiVlCsf9toW79yQo1ij4peG6GqDR1kBw9JXEs6zdw==",
        "dependencies": {
          "Avalonia": "11.3.0",
          "Avalonia.Xaml.Interactions": "11.3.0.6",
          "Avalonia.Xaml.Interactivity": "11.3.0.6"
        }
      },
      "Avalonia.Xaml.Interactions.Draggable": {
        "type": "Transitive",
        "resolved": "11.3.0.6",
        "contentHash": "MgqWxkaXasmDY3ygVnz74T7ES+iB/JcRnyGjc9s1v5W6x8CZfKtH5wFs0JyL3JpmxdFDqoDOuyeBRzWt2pOV4A==",
        "dependencies": {
          "Avalonia": "11.3.0",
          "Avalonia.Xaml.Interactivity": "11.3.0.6"
        }
      },
      "Avalonia.Xaml.Interactions.Events": {
        "type": "Transitive",
        "resolved": "11.3.0.6",
        "contentHash": "Rm6QtQmQ2JlJZk8xK6thiIBMzG9n2m+TwqxP+M139J5P+05Jo2rWgZ0K2nqLUthhbdE/qBJFCjMGyZkcBhy/Kg==",
        "dependencies": {
          "Avalonia": "11.3.0",
          "Avalonia.Xaml.Interactivity": "11.3.0.6"
        }
      },
      "Avalonia.Xaml.Interactions.Responsive": {
        "type": "Transitive",
        "resolved": "11.3.0.6",
        "contentHash": "Rh1kgeJ3Ek9am2MqMKbuEqP6g4x2XKJotxa4RAO6k+FI5ZGQhYekwuFteE41VgBbF1Y8VHf6RLtvsxSmB9277A==",
        "dependencies": {
          "Avalonia": "11.3.0",
          "Avalonia.Xaml.Interactivity": "11.3.0.6"
        }
      },
      "Avalonia.Xaml.Interactivity": {
        "type": "Transitive",
        "resolved": "11.3.0.6",
        "contentHash": "G5zKVK44HjaSXm+DHDukYa04NltlrV9adKAzIwxItcQVVtkqxXBWXv3829xqBc4Ulbt/qbq59qRD4aOxSPWP4Q==",
        "dependencies": {
          "Avalonia": "11.3.0"
        }
      },
      "Blake3": {
        "type": "Transitive",
        "resolved": "2.2.1",
        "contentHash": "HfNW2Iiy4hCaVDVGFEyk0mks+M5HSU3O8O517LyYkI6FFuj2jpvNlag4kGQFDSRmJi4/axgOei8k02NKq/uoDg=="
      },
      "DynamicData": {
        "type": "Transitive",
        "resolved": "9.4.31",
        "contentHash": "w2bT92Z5ADtnmtKiC9mzk21h7MtXtZEQKWFyytuHqhPBo7rKPWnvFk/xy1M/VA6XQTbCjRWMNV795w+RizFn4g==",
        "dependencies": {
          "System.Reactive": "6.1.0"
        }
      },
      "HarfBuzzSharp": {
        "type": "Transitive",
        "resolved": "8.3.1.1",
        "contentHash": "tLZN66oe/uiRPTZfrCU4i8ScVGwqHNh5MHrXj0yVf4l7Mz0FhTGnQ71RGySROTmdognAs0JtluHkL41pIabWuQ==",
        "dependencies": {
          "HarfBuzzSharp.NativeAssets.Win32": "8.3.1.1",
          "HarfBuzzSharp.NativeAssets.macOS": "8.3.1.1"
        }
      },
      "HarfBuzzSharp.NativeAssets.Linux": {
        "type": "Transitive",
        "resolved": "8.3.1.1",
        "contentHash": "3EZ1mpIiKWRLL5hUYA82ZHteeDIVaEA/Z0rA/wU6tjx6crcAkJnBPwDXZugBSfo8+J3EznvRJf49uMsqYfKrHg=="
      },
      "HarfBuzzSharp.NativeAssets.macOS": {
        "type": "Transitive",
        "resolved": "8.3.1.1",
        "contentHash": "jbtCsgftcaFLCA13tVKo5iWdElJScrulLTKJre36O4YQTIlwDtPPqhRZNk+Y0vv4D1gxbscasGRucUDfS44ofQ=="
      },
      "HarfBuzzSharp.NativeAssets.WebAssembly": {
        "type": "Transitive",
        "resolved": "8.3.1.1",
        "contentHash": "loJweK2u/mH/3C2zBa0ggJlITIszOkK64HLAZB7FUT670dTg965whLFYHDQo69NmC4+d9UN0icLC9VHidXaVCA=="
      },
      "HarfBuzzSharp.NativeAssets.Win32": {
        "type": "Transitive",
        "resolved": "8.3.1.1",
        "contentHash": "UsJtQsfAJoFDZrXc4hCUfRPMqccfKZ0iumJ/upcUjz/cmsTgVFGNEL5yaJWmkqsuFYdMWbj/En5/kS4PFl9hBA=="
      },
      "Magick.NET-Q8-AnyCPU": {
        "type": "Transitive",
        "resolved": "14.16.0",
        "contentHash": "mV5igNia0VyUtRAmqUpI/ZBEL78+0A+JxPoOs7clwlZEvPCsvk+uF0hLl10zaFYmH5I8BaqVpI2+R+td1bbNrg==",
        "dependencies": {
          "Magick.NET.Core": "14.16.0"
        }
      },
      "Magick.NET.Core": {
        "type": "Transitive",
        "resolved": "14.16.0",
        "contentHash": "ddBX/Zb0sCsX4agqHdHeqUx+grfw8I7GFU+lgut3mtNl7roxbxemSQFGLIJXtzwPuAHxbaMtkXA+ijVl02EUhQ=="
      },
      "MicroCom.Runtime": {
        "type": "Transitive",
        "resolved": "0.11.0",
        "contentHash": "MEnrZ3UIiH40hjzMDsxrTyi8dtqB5ziv3iBeeU4bXsL/7NLSal9F1lZKpK+tfBRnUoDSdtcW3KufE4yhATOMCA=="
      },
      "Microsoft.CodeCoverage": {
        "type": "Transitive",
        "resolved": "17.12.0",
        "contentHash": "4svMznBd5JM21JIG2xZKGNanAHNXplxf/kQDFfLHXQ3OnpJkayRK/TjacFjA+EYmoyuNXHo/sOETEfcYtAzIrA=="
      },
      "Microsoft.Data.Sqlite.Core": {
        "type": "Transitive",
        "resolved": "9.0.14",
        "contentHash": "EG3EHsTmmSf5Sk/JNSBMly1DZdBgg3OOb6/1Fg/eG/SEMTShpFnQPMi/PgiVfF4CPIS6d+BPrW91EeJyLhDOIQ==",
        "dependencies": {
          "SQLitePCLRaw.core": "2.1.10"
        }
      },
      "Microsoft.EntityFrameworkCore": {
        "type": "Transitive",
        "resolved": "9.0.14",
        "contentHash": "Bxw540n++gVwFbrh3NyxwV4ZwPonhbBmhiq7JdDyBUibLAPGvqvsu73Us3LGfRoLbQrhPEgu6cKSvQq+5ABAJA==",
        "dependencies": {
          "Microsoft.EntityFrameworkCore.Abstractions": "9.0.14",
          "Microsoft.EntityFrameworkCore.Analyzers": "9.0.14",
          "Microsoft.Extensions.Caching.Memory": "9.0.14",
          "Microsoft.Extensions.Logging": "9.0.14"
        }
      },
      "Microsoft.EntityFrameworkCore.Abstractions": {
        "type": "Transitive",
        "resolved": "9.0.14",
        "contentHash": "lU0DBe/uZ5hNW1G6tQcikcJhjmDE4eRjRQzaiFi41zxXUMndtZQaGGVNVWXeW6M9K6T212WnBA5cwydzBYmKNA=="
      },
      "Microsoft.EntityFrameworkCore.Analyzers": {
        "type": "Transitive",
        "resolved": "9.0.14",
        "contentHash": "u7j9NgArLjf3OzeXX1jx9K59Ytki0CfhMloXxons/cIhq/35QilP6R+NfPlQy/nMax+edeGRRfEg9hWFsjqsXA=="
      },
      "Microsoft.EntityFrameworkCore.Relational": {
        "type": "Transitive",
        "resolved": "9.0.14",
        "contentHash": "R73NifQ3oiAEmvQokCrUtDaVMRO9UQXp52cpwosTZkAmpK2XtmJbHIrZRUjvLWkCzTlwjTDP27bH04PlyNeJoA==",
        "dependencies": {
          "Microsoft.EntityFrameworkCore": "9.0.14",
          "Microsoft.Extensions.Caching.Memory": "9.0.14",
          "Microsoft.Extensions.Configuration.Abstractions": "9.0.14",
          "Microsoft.Extensions.Logging": "9.0.14"
        }
      },
      "Microsoft.EntityFrameworkCore.Sqlite.Core": {
        "type": "Transitive",
        "resolved": "9.0.14",
        "contentHash": "7+gc35/VABrS4ma0urEfmvVQI1NXRaPGghA29A1fIpxVoz5YySQ2C9ryH71dCJCRDzf+JSxmaHmw/wUfwKll4w==",
        "dependencies": {
          "Microsoft.Data.Sqlite.Core": "9.0.14",
          "Microsoft.EntityFrameworkCore.Relational": "9.0.14",
          "Microsoft.Extensions.Caching.Memory": "9.0.14",
          "Microsoft.Extensions.Configuration.Abstractions": "9.0.14",
          "Microsoft.Extensions.DependencyModel": "9.0.14",
          "Microsoft.Extensions.Logging": "9.0.14",
          "SQLitePCLRaw.core": "2.1.10"
        }
      },
      "Microsoft.Extensions.Caching.Abstractions": {
        "type": "Transitive",
        "resolved": "9.0.14",
        "contentHash": "fnHxSqrDnPRTO/AbHR6N5mZOY9NmP14rx8aZiresGF27ypqH+J8ZEgXsiXbHVe8az2IGrZWP2a+uNUGBlzVlHQ==",
        "dependencies": {
          "Microsoft.Extensions.Primitives": "9.0.14"
        }
      },
      "Microsoft.Extensions.Caching.Memory": {
        "type": "Transitive",
        "resolved": "9.0.14",
        "contentHash": "VoOzKJaoQZ0pe9RKKEunAO5v37HA/WWBxxiYIOThmHb+OnQPk/+ZvdR5zcbF0XedIUK/agAYORkrb08AQ4ywrQ==",
        "dependencies": {
          "Microsoft.Extensions.Caching.Abstractions": "9.0.14",
          "Microsoft.Extensions.DependencyInjection.Abstractions": "9.0.14",
          "Microsoft.Extensions.Logging.Abstractions": "9.0.14",
          "Microsoft.Extensions.Options": "9.0.14",
          "Microsoft.Extensions.Primitives": "9.0.14"
        }
      },
      "Microsoft.Extensions.Configuration.Abstractions": {
        "type": "Transitive",
        "resolved": "9.0.14",
        "contentHash": "hoAjCCsJ/fANjaP6hUPru11b/y2evaDJ1m7uRBQU57Mrq0k1NkZLA3qP0zN+EOj2mvM9DXGlNwnLf3H1tRF05w==",
        "dependencies": {
          "Microsoft.Extensions.Primitives": "9.0.14"
        }
      },
      "Microsoft.Extensions.DependencyInjection": {
        "type": "Transitive",
        "resolved": "9.0.14",
        "contentHash": "p6qFGRiZK2kSNWf/smkpb2qrnwMGb5WX9RV7MV9TKxmhEjgB6fx8kjRT5CbKsF1kaTzJU6q/P/8YxfEDO2Hb8g==",
        "dependencies": {
          "Microsoft.Extensions.DependencyInjection.Abstractions": "9.0.14"
        }
      },
      "Microsoft.Extensions.DependencyInjection.Abstractions": {
        "type": "Transitive",
        "resolved": "9.0.14",
        "contentHash": "LezJ0enh6upO5EnPwACOZc/DdT1A8lvX6HPl/0rbe0eGt9rTDDPfx+Ny9OYZqf4g25Y3hOfWBQtRfMzueINNVQ=="
      },
      "Microsoft.Extensions.DependencyModel": {
        "type": "Transitive",
        "resolved": "9.0.14",
        "contentHash": "3KI67cvKZqHMBffWushySB0FqrFphIK3mnxnN9YoBdjsTPzSSIMYej4cqtHM4LgFMHcO33C5ObOHqzls+7eJng=="
      },
      "Microsoft.Extensions.Logging": {
        "type": "Transitive",
        "resolved": "9.0.14",
        "contentHash": "z1VeGpJzXezF8DJScU7q4NS30NC/X5tnmv/F6t8AWu4PG4oGX2cVGcfaRRxaFLS1Kq77hd4f8xqySj5F8VZImQ==",
        "dependencies": {
          "Microsoft.Extensions.DependencyInjection": "9.0.14",
          "Microsoft.Extensions.Logging.Abstractions": "9.0.14",
          "Microsoft.Extensions.Options": "9.0.14"
        }
      },
      "Microsoft.Extensions.Logging.Abstractions": {
        "type": "Transitive",
        "resolved": "9.0.14",
        "contentHash": "uodlxeHHtvEgrAXzHa5T+ESnQhxCk/QSONpiabWjZ8Hn+PcMkXtmbX8YkL1XcFGHqj7hZXUAe2pq7gBptPTz2Q==",
        "dependencies": {
          "Microsoft.Extensions.DependencyInjection.Abstractions": "9.0.14"
        }
      },
      "Microsoft.Extensions.Options": {
        "type": "Transitive",
        "resolved": "9.0.14",
        "contentHash": "hwn0jONblkFl4k5qcDBKuE/BrLxgBN9OOttnoIRsJgDlsxhwuGoVaHJtWdpTg8adDRMlgMrgeuv8WjMG7UnfUg==",
        "dependencies": {
          "Microsoft.Extensions.DependencyInjection.Abstractions": "9.0.14",
          "Microsoft.Extensions.Primitives": "9.0.14"
        }
      },
      "Microsoft.Extensions.Primitives": {
        "type": "Transitive",
        "resolved": "9.0.14",
        "contentHash": "1bP1fEv6MdXvX4TsxrT94AE2aOIPI9p0xgVsxUliB91wDXHUwbBHV1hXKbfu0ZHEdBuYEusyTVoUwUXp71fh8w=="
      },
      "Microsoft.IO.RecyclableMemoryStream": {
        "type": "Transitive",
        "resolved": "3.0.1",
        "contentHash": "s/s20YTVY9r9TPfTrN5g8zPF1YhwxyqO6PxUkrYTGI2B+OGPe9AdajWZrLhFqXIvqIW23fnUE4+ztrUWNU1+9g=="
      },
      "Microsoft.TestPlatform.ObjectModel": {
        "type": "Transitive",
        "resolved": "17.12.0",
        "contentHash": "TDqkTKLfQuAaPcEb3pDDWnh7b3SyZF+/W9OZvWFp6eJCIiiYFdSB6taE2I6tWrFw5ywhzOb6sreoGJTI6m3rSQ=="
      },
      "Microsoft.TestPlatform.TestHost": {
        "type": "Transitive",
        "resolved": "17.12.0",
        "contentHash": "MiPEJQNyADfwZ4pJNpQex+t9/jOClBGMiCiVVFuELCMSX2nmNfvUor3uFVxNNCg30uxDP8JDYfPnMXQzsfzYyg==",
        "dependencies": {
          "Microsoft.TestPlatform.ObjectModel": "17.12.0",
          "Newtonsoft.Json": "13.0.1"
        }
      },
      "Newtonsoft.Json": {
        "type": "Transitive",
        "resolved": "13.0.1",
        "contentHash": "ppPFpBcvxdsfUonNcvITKqLl3bqxWbDCZIzDWHzjpdAHRFfZe0Dw9HmA0+za13IdyrgJwpkDTDA9fHaxOrt20A=="
      },
      "ReactiveUI": {
        "type": "Transitive",
        "resolved": "20.1.1",
        "contentHash": "9hNPknWjijnaSWs6auypoXqUptPZcRpUypF+cf1zD50fgW+SEoQda502N3fVZ2eWPcaiUad+z6GaLwOWmUVHNw==",
        "dependencies": {
          "DynamicData": "8.4.1",
          "Splat": "15.1.1",
          "System.ComponentModel.Annotations": "5.0.0"
        }
      },
      "Sentry": {
        "type": "Transitive",
        "resolved": "6.1.0",
        "contentHash": "8d0ql+JAjVMo3WG+MHj62oh3jZVZrwWa/ExVcT0NIRcf6Qsig7wsagwaumWvlXj9F850V+YSyNHWyNNrAipFeA=="
      },
      "Sentry.Serilog": {
        "type": "Transitive",
        "resolved": "6.1.0",
        "contentHash": "IKp20qTzxKueUqzuEjSshMR139wAEy8GNs+jEaG9AsRXWzC5Qt317wS6iyHg8GtJQIffRF3bPjcy9bOHWmmLIg==",
        "dependencies": {
          "Sentry": "6.1.0",
          "Serilog": "2.10.0"
        }
      },
      "Serilog": {
        "type": "Transitive",
        "resolved": "4.2.0",
        "contentHash": "gmoWVOvKgbME8TYR+gwMf7osROiWAURterc6Rt2dQyX7wtjZYpqFiA/pY6ztjGQKKV62GGCyOcmtP1UKMHgSmA=="
      },
      "Serilog.Enrichers.Environment": {
        "type": "Transitive",
        "resolved": "3.0.1",
        "contentHash": "9BqCE4C9FF+/rJb/CsQwe7oVf44xqkOvMwX//CUxvUR25lFL4tSS6iuxE5eW07quby1BAyAEP+vM6TWsnT3iqw==",
        "dependencies": {
          "Serilog": "4.0.0"
        }
      },
      "Serilog.Enrichers.Process": {
        "type": "Transitive",
        "resolved": "3.0.0",
        "contentHash": "/wPYz2PDCJGSHNI+Z0PAacZvrgZgrGduWqLXeC2wvW6pgGM/Bi45JrKy887MRcRPHIZVU0LAlkmJ7TkByC0boQ==",
        "dependencies": {
          "Serilog": "4.0.0"
        }
      },
      "Serilog.Enrichers.Thread": {
        "type": "Transitive",
        "resolved": "4.0.0",
        "contentHash": "C7BK25a1rhUyr+Tp+1BYcVlBJq7M2VCHlIgnwoIUVJcicM9jYcvQK18+OeHiXw7uLPSjqWxJIp1EfaZ/RGmEwA==",
        "dependencies": {
          "Serilog": "4.0.0"
        }
      },
      "Serilog.Sinks.File": {
        "type": "Transitive",
        "resolved": "7.0.0",
        "contentHash": "fKL7mXv7qaiNBUC71ssvn/dU0k9t0o45+qm2XgKAlSt19xF+ijjxyA3R6HmCgfKEKwfcfkwWjayuQtRueZFkYw==",
        "dependencies": {
          "Serilog": "4.2.0"
        }
      },
      "SkiaSharp": {
        "type": "Transitive",
        "resolved": "2.88.9",
        "contentHash": "3MD5VHjXXieSHCleRLuaTXmL2pD0mB7CcOB1x2kA1I4bhptf4e3R27iM93264ZYuAq6mkUyX5XbcxnZvMJYc1Q==",
        "dependencies": {
          "SkiaSharp.NativeAssets.Win32": "2.88.9",
          "SkiaSharp.NativeAssets.macOS": "2.88.9"
        }
      },
      "SkiaSharp.NativeAssets.Linux": {
        "type": "Transitive",
        "resolved": "2.88.9",
        "contentHash": "cWSaJKVPWAaT/WIn9c8T5uT/l4ETwHxNJTkEOtNKjphNo8AW6TF9O32aRkxqw3l8GUdUo66Bu7EiqtFh/XG0Zg==",
        "dependencies": {
          "SkiaSharp": "2.88.9"
        }
      },
      "SkiaSharp.NativeAssets.macOS": {
        "type": "Transitive",
        "resolved": "2.88.9",
        "contentHash": "Nv5spmKc4505Ep7oUoJ5vp3KweFpeNqxpyGDWyeEPTX2uR6S6syXIm3gj75dM0YJz7NPvcix48mR5laqs8dPuA=="
      },
      "SkiaSharp.NativeAssets.WebAssembly": {
        "type": "Transitive",
        "resolved": "2.88.9",
        "contentHash": "kt06RccBHSnAs2wDYdBSfsjIDbY3EpsOVqnlDgKdgvyuRA8ZFDaHRdWNx1VHjGgYzmnFCGiTJBnXFl5BqGwGnA=="
      },
      "SkiaSharp.NativeAssets.Win32": {
        "type": "Transitive",
        "resolved": "2.88.9",
        "contentHash": "wb2kYgU7iy84nQLYZwMeJXixvK++GoIuECjU4ECaUKNuflyRlJKyiRhN1MAHswvlvzuvkrjRWlK0Za6+kYQK7w=="
      },
      "SourceGear.sqlite3": {
        "type": "Transitive",
        "resolved": "3.50.4.2",
        "contentHash": "eV9HwQ88WyoU+reGVxJz1SwME9NbYnl9h2LOY15j0LGdXN4JkTJDk8JRRg/yNgt00O3Cn5/qnska10FEZNoU5g=="
      },
      "Splat": {
        "type": "Transitive",
        "resolved": "15.1.1",
        "contentHash": "RHDTdF90FwVbRia2cmuIzkiVoETqnXSB2dDBBi/I35HWXqv4OKGqoMcfcd6obMvO2OmmY5PjU1M62K8LkJafAA=="
      },
      "SQLitePCLRaw.bundle_e_sqlite3": {
        "type": "Transitive",
        "resolved": "3.0.2",
        "contentHash": "nzPPFpELY9U1scLvQpA1k1GIgR9ror83DCPmirT2/i5NCPdTBfhTDA6MZqFZonGDayye5mUQRQLOVyEiJNYr0g==",
        "dependencies": {
          "SQLitePCLRaw.config.e_sqlite3": "3.0.2",
          "SourceGear.sqlite3": "3.50.4.2"
        }
      },
      "SQLitePCLRaw.config.e_sqlite3": {
        "type": "Transitive",
        "resolved": "3.0.2",
        "contentHash": "QPHR1Axs8YCCapb0TnmT7PxY9DX3sg4I4T9HOSKeFBiT5l482mjrOIxuyt+xOCwEQ2Enq5h0tgDOXMnJi+i0sw==",
        "dependencies": {
          "SQLitePCLRaw.provider.e_sqlite3": "3.0.2"
        }
      },
      "SQLitePCLRaw.core": {
        "type": "Transitive",
        "resolved": "3.0.2",
        "contentHash": "tnbRf0muOOSJK1RLCfyYK13jynFScgL4xMj7yC3oy8lrrGKXTKmOoWjfdV+cFfBRdppm4qST31hvp8ihgIgvMQ=="
      },
      "SQLitePCLRaw.provider.e_sqlite3": {
        "type": "Transitive",
        "resolved": "3.0.2",
        "contentHash": "RQIliDp47mQxGYNcBB6W+ezHbegkImrSZVTuWjQCSTTl3pQ37Q3rALkkkdTAMEmcIz71PEOCqNZMp7lXCnVqEQ==",
        "dependencies": {
          "SQLitePCLRaw.core": "3.0.2"
        }
      },
      "System.ComponentModel.Annotations": {
        "type": "Transitive",
        "resolved": "5.0.0",
        "contentHash": "dMkqfy2el8A8/I76n2Hi1oBFEbG1SfxD2l5nhwXV3XjlnOmwxJlQbYpJH4W51odnU9sARCSAgv7S3CyAFMkpYg=="
      },
      "System.Reactive": {
        "type": "Transitive",
        "resolved": "6.1.0",
        "contentHash": "M5cCC1ZMkZr9jbSQGTHnVkb5TDN67qWCV7AP8TAHdGkvDlu0puT5NzemESNn9+HkYIDpWpocP68/i+/ame2/2w=="
      },
      "Tmds.DBus.Protocol": {
        "type": "Transitive",
        "resolved": "0.21.3",
        "contentHash": "hDwB8WsQoyALQKqIbwzS68UKdlnafDm4T/DkO/JrA/YIneP/rKv96SxYPVXeh3FP4i/SXfShrYftKLtciJAIlw=="
      },
      "xunit.abstractions": {
        "type": "Transitive",
        "resolved": "2.0.3",
        "contentHash": "pot1I4YOxlWjIb5jmwvvQNbTrZ3lJQ+jUGkGjWE3hEFM0l5gOnBWS+H3qsex68s5cO52g+44vpGzhAt+42vwKg=="
      },
      "xunit.analyzers": {
        "type": "Transitive",
        "resolved": "1.16.0",
        "contentHash": "hptYM7vGr46GUIgZt21YHO4rfuBAQS2eINbFo16CV/Dqq+24Tp+P5gDCACu1AbFfW4Sp/WRfDPSK8fmUUb8s0Q=="
      },
      "xunit.assert": {
        "type": "Transitive",
        "resolved": "2.9.2",
        "contentHash": "QkNBAQG4pa66cholm28AxijBjrmki98/vsEh4Sx5iplzotvPgpiotcxqJQMRC8d7RV7nIT8ozh97957hDnZwsQ=="
      },
      "xunit.core": {
        "type": "Transitive",
        "resolved": "2.9.2",
        "contentHash": "O6RrNSdmZ0xgEn5kT927PNwog5vxTtKrWMihhhrT0Sg9jQ7iBDciYOwzBgP2krBEk5/GBXI18R1lKvmnxGcb4w==",
        "dependencies": {
          "xunit.extensibility.core": "[2.9.2]",
          "xunit.extensibility.execution": "[2.9.2]"
        }
      },
      "xunit.extensibility.core": {
        "type": "Transitive",
        "resolved": "2.9.2",
        "contentHash": "Ol+KlBJz1x8BrdnhN2DeOuLrr1I/cTwtHCggL9BvYqFuVd/TUSzxNT5O0NxCIXth30bsKxgMfdqLTcORtM52yQ==",
        "dependencies": {
          "xunit.abstractions": "2.0.3"
        }
      },
      "xunit.extensibility.execution": {
        "type": "Transitive",
        "resolved": "2.9.2",
        "contentHash": "rKMpq4GsIUIJibXuZoZ8lYp5EpROlnYaRpwu9Zr0sRZXE7JqJfEEbCsUriZqB+ByXCLFBJyjkTRULMdC+U566g==",
        "dependencies": {
          "xunit.extensibility.core": "[2.9.2]"
        }
      },
      "imgtagfanout": {
        "type": "Project",
        "dependencies": {
          "Avalonia": "[11.3.12, )",
          "Avalonia.Desktop": "[11.3.12, )",
          "Avalonia.Fonts.Inter": "[11.3.12, )",
          "Avalonia.ReactiveUI": "[11.3.8, )",
          "Avalonia.Themes.Fluent": "[11.3.12, )",
          "Avalonia.Xaml.Behaviors": "[11.3.0.6, )",
          "Blake3": "[2.2.1, )",
          "DynamicData": "[9.4.31, )",
          "Magick.NET-Q8-AnyCPU": "[14.16.0, )",
          "Microsoft.EntityFrameworkCore": "[9.0.14, )",
          "Microsoft.EntityFrameworkCore.Sqlite": "[9.0.13, )",
          "Microsoft.IO.RecyclableMemoryStream": "[3.0.1, )",
          "SQLitePCLRaw.bundle_e_sqlite3": "[3.0.2, )",
          "SQLitePCLRaw.core": "[3.0.2, )",
          "SQLitePCLRaw.provider.e_sqlite3": "[3.0.2, )",
          "Sentry": "[6.1.0, )",
          "Sentry.Serilog": "[6.1.0, )",
          "Serilog.Enrichers.Environment": "[3.0.1, )",
          "Serilog.Enrichers.Process": "[3.0.0, )",
          "Serilog.Enrichers.Thread": "[4.0.0, )",
          "Serilog.Sinks.File": "[7.0.0, )",
          "Tmds.DBus.Protocol": "[0.21.3, )"
        }
      }
    }
  }
}